
Microsoft Visual Studio Solution File, Format Version 12.00
# Visual Studio 15
VisualStudioVersion = 15.0.28307.168
MinimumVisualStudioVersion = 10.0.40219.1
Project("{9A19103F-16F7-4668-BE54-9A1E7A4F7556}") = "Day1TheTyrannyOfTheRocketEquation", "Day1TheTyrannyOfTheRocketEquation\Day1TheTyrannyOfTheRocketEquation.csproj", "{22802B2A-11F2-4238-AFBF-EB208E3729CD}"
EndProject
Project("{9A19103F-16F7-4668-BE54-9A1E7A4F7556}") = "Day1TheTyrannyOfTheRocketEquation.Tests", "Day1TheTyrannyOfTheRocketEquation.Tests\Day1TheTyrannyOfTheRocketEquation.Tests.csproj", "{14AB506F-3477-4977-8794-BC431B5FB10A}"
EndProject
Project("{9A19103F-16F7-4668-BE54-9A1E7A4F7556}") = "Day21202ProgramAlarm", "Day21202ProgramAlarm\Day21202ProgramAlarm.csproj", "{2476F6F2-89EA-4279-AA8F-90D53D8919ED}"
EndProject
Project("{9A19103F-16F7-4668-BE54-9A1E7A4F7556}") = "Day21202ProgramAlarm.Tests", "Day21202ProgramAlarm.Tests\Day21202ProgramAlarm.Tests.csproj", "{570796D4-BD64-441D-A055-25A60A079502}"
EndProject
Project("{9A19103F-16F7-4668-BE54-9A1E7A4F7556}") = "Day3CrossedWires", "Day3CrossedWires\Day3CrossedWires.csproj", "{1D6CCA5A-0DCE-4C62-A0BE-B41353CC8592}"
EndProject
Project("{9A19103F-16F7-4668-BE54-9A1E7A4F7556}") = "Day3CrossedWires.Tests", "Day3CrossedWires.Tests\Day3CrossedWires.Tests.csproj", "{50AB58AE-10E6-49AF-8A2C-F15B1420B1E3}"
EndProject
Project("{9A19103F-16F7-4668-BE54-9A1E7A4F7556}") = "Day4SecureContainer", "Day4SecureContainer\Day4SecureContainer.csproj", "{478D48D5-34BF-4D03-8714-77F52FE3DC18}"
EndProject
Project("{9A19103F-16F7-4668-BE54-9A1E7A4F7556}") = "Day4SecureContainer.Tests", "Day4SecureContainer.Tests\Day4SecureContainer.Tests.csproj", "{7CD3D4EB-A0AB-4581-9EEF-F51DD02FD505}"
EndProject
Project("{9A19103F-16F7-4668-BE54-9A1E7A4F7556}") = "Day5SunnyWithAChanceOfAsteroids", "Day5SunnyWithAChanceOfAsteroids\Day5SunnyWithAChanceOfAsteroids.csproj", "{A7C6E53E-F7BC-41EC-B145-3A076BC0861D}"
EndProject
Project("{9A19103F-16F7-4668-BE54-9A1E7A4F7556}") = "Day5SunnyWithAChanceOfAsteroids.Tests", "Day5SunnyWithAChanceOfAsteroids.Tests\Day5SunnyWithAChanceOfAsteroids.Tests.csproj", "{90D1BDEC-8420-4FC5-9C04-F8CC5C2CE06C}"
EndProject
Project("{9A19103F-16F7-4668-BE54-9A1E7A4F7556}") = "Day6UniversalOrbitMap", "Day6UniversalOrbitMap\Day6UniversalOrbitMap.csproj", "{C1E4632C-4762-434A-9CD5-54A762C61F9A}"
EndProject
Project("{9A19103F-16F7-4668-BE54-9A1E7A4F7556}") = "Day6UniversalOrbitMap.Tests", "Day6UniversalOrbitMap.Tests\Day6UniversalOrbitMap.Tests.csproj", "{0E8F59D6-C018-4615-ADF1-9908460DF2EE}"
EndProject
Project("{9A19103F-16F7-4668-BE54-9A1E7A4F7556}") = "Day7AmplificationCircuit", "Day7AmplificationCircuit\Day7AmplificationCircuit.csproj", "{62839A16-6E61-4DB3-A629-37AA8345CEA1}"
EndProject
Project("{9A19103F-16F7-4668-BE54-9A1E7A4F7556}") = "Day7AmplificationCircuit.Tests", "Day7AmplificationCircuit.Tests\Day7AmplificationCircuit.Tests.csproj", "{09CC9321-1CE2-43CE-A7C8-00BACDA01059}"
EndProject
Project("{9A19103F-16F7-4668-BE54-9A1E7A4F7556}") = "Day8SpaceImageFormat", "Day8SpaceImageFormat\Day8SpaceImageFormat.csproj", "{F179ACD5-862F-4A4E-AB80-25BE99EF0397}"
EndProject
Project("{9A19103F-16F7-4668-BE54-9A1E7A4F7556}") = "Day8SpaceImageFormat.Tests", "Day8SpaceImageFormat.Tests\Day8SpaceImageFormat.Tests.csproj", "{E6ABF09D-8337-48AB-86B6-96BE3F4C70DE}"
EndProject
Project("{9A19103F-16F7-4668-BE54-9A1E7A4F7556}") = "Day9SensorBoost", "Day9SensorBoost\Day9SensorBoost.csproj", "{88363BAF-D085-4A58-BA6E-6BB7A6EFA259}"
EndProject
Project("{9A19103F-16F7-4668-BE54-9A1E7A4F7556}") = "Day9SensorBoost.Tests", "Day9SensorBoost.Tests\Day9SensorBoost.Tests.csproj", "{FED004E6-D47F-4A89-936C-84911D6463C8}"
EndProject
Project("{9A19103F-16F7-4668-BE54-9A1E7A4F7556}") = "Day10MonitoringStation.Tests", "Day10MonitoringStation.Tests\Day10MonitoringStation.Tests.csproj", "{F3D80540-363E-4755-BFC1-918F70980257}"
EndProject
Project("{9A19103F-16F7-4668-BE54-9A1E7A4F7556}") = "Day10MonitoringStation", "Day10MonitoringStation\Day10MonitoringStation.csproj", "{3101D467-DDCE-40CF-8BD6-CB24E62A8AD4}"
EndProject
Project("{9A19103F-16F7-4668-BE54-9A1E7A4F7556}") = "Day11SpacePolice", "Day11SpacePolice\Day11SpacePolice.csproj", "{21FF66F7-61D5-4C21-9E69-95A4389D2FE3}"
EndProject
Project("{9A19103F-16F7-4668-BE54-9A1E7A4F7556}") = "Day11SpacePolice.Tests", "Day11SpacePolice.Tests\Day11SpacePolice.Tests.csproj", "{C6D9742A-06D8-4A1F-8528-406AEDED204D}"
EndProject
Project("{9A19103F-16F7-4668-BE54-9A1E7A4F7556}") = "Day12TheNBodyProblem", "Day12TheNBodyProblem\Day12TheNBodyProblem.csproj", "{0A84EEF1-0CD3-485B-B315-3D6DCD0450CF}"
EndProject
Project("{9A19103F-16F7-4668-BE54-9A1E7A4F7556}") = "Day12TheNBodyProblem.Tests", "Day12TheNBodyProblem.Tests\Day12TheNBodyProblem.Tests.csproj", "{D7D35332-72B9-41C7-8F71-FA8FB027D382}"
EndProject
Project("{FAE04EC0-301F-11D3-BF4B-00C04F79EFBC}") = "Day13CarePackage.Tests", "Day13CarePackage.Tests\Day13CarePackage.Tests.csproj", "{82EBE74D-5D67-4876-A0C2-934985775186}"
EndProject
Project("{FAE04EC0-301F-11D3-BF4B-00C04F79EFBC}") = "Day13CarePackage", "Day13CarePackage\Day13CarePackage.csproj", "{664A7971-C03D-4B9F-8CE9-F9BE0E432787}"
EndProject
Global
	GlobalSection(SolutionConfigurationPlatforms) = preSolution
		Debug|Any CPU = Debug|Any CPU
		Release|Any CPU = Release|Any CPU
	EndGlobalSection
	GlobalSection(ProjectConfigurationPlatforms) = postSolution
		{22802B2A-11F2-4238-AFBF-EB208E3729CD}.Debug|Any CPU.ActiveCfg = Debug|Any CPU
		{22802B2A-11F2-4238-AFBF-EB208E3729CD}.Debug|Any CPU.Build.0 = Debug|Any CPU
		{22802B2A-11F2-4238-AFBF-EB208E3729CD}.Release|Any CPU.ActiveCfg = Release|Any CPU
		{22802B2A-11F2-4238-AFBF-EB208E3729CD}.Release|Any CPU.Build.0 = Release|Any CPU
		{14AB506F-3477-4977-8794-BC431B5FB10A}.Debug|Any CPU.ActiveCfg = Debug|Any CPU
		{14AB506F-3477-4977-8794-BC431B5FB10A}.Debug|Any CPU.Build.0 = Debug|Any CPU
		{14AB506F-3477-4977-8794-BC431B5FB10A}.Release|Any CPU.ActiveCfg = Release|Any CPU
		{14AB506F-3477-4977-8794-BC431B5FB10A}.Release|Any CPU.Build.0 = Release|Any CPU
		{2476F6F2-89EA-4279-AA8F-90D53D8919ED}.Debug|Any CPU.ActiveCfg = Debug|Any CPU
		{2476F6F2-89EA-4279-AA8F-90D53D8919ED}.Debug|Any CPU.Build.0 = Debug|Any CPU
		{2476F6F2-89EA-4279-AA8F-90D53D8919ED}.Release|Any CPU.ActiveCfg = Release|Any CPU
		{2476F6F2-89EA-4279-AA8F-90D53D8919ED}.Release|Any CPU.Build.0 = Release|Any CPU
		{570796D4-BD64-441D-A055-25A60A079502}.Debug|Any CPU.ActiveCfg = Debug|Any CPU
		{570796D4-BD64-441D-A055-25A60A079502}.Debug|Any CPU.Build.0 = Debug|Any CPU
		{570796D4-BD64-441D-A055-25A60A079502}.Release|Any CPU.ActiveCfg = Release|Any CPU
		{570796D4-BD64-441D-A055-25A60A079502}.Release|Any CPU.Build.0 = Release|Any CPU
		{1D6CCA5A-0DCE-4C62-A0BE-B41353CC8592}.Debug|Any CPU.ActiveCfg = Debug|Any CPU
		{1D6CCA5A-0DCE-4C62-A0BE-B41353CC8592}.Debug|Any CPU.Build.0 = Debug|Any CPU
		{1D6CCA5A-0DCE-4C62-A0BE-B41353CC8592}.Release|Any CPU.ActiveCfg = Release|Any CPU
		{1D6CCA5A-0DCE-4C62-A0BE-B41353CC8592}.Release|Any CPU.Build.0 = Release|Any CPU
		{50AB58AE-10E6-49AF-8A2C-F15B1420B1E3}.Debug|Any CPU.ActiveCfg = Debug|Any CPU
		{50AB58AE-10E6-49AF-8A2C-F15B1420B1E3}.Debug|Any CPU.Build.0 = Debug|Any CPU
		{50AB58AE-10E6-49AF-8A2C-F15B1420B1E3}.Release|Any CPU.ActiveCfg = Release|Any CPU
		{50AB58AE-10E6-49AF-8A2C-F15B1420B1E3}.Release|Any CPU.Build.0 = Release|Any CPU
		{478D48D5-34BF-4D03-8714-77F52FE3DC18}.Debug|Any CPU.ActiveCfg = Debug|Any CPU
		{478D48D5-34BF-4D03-8714-77F52FE3DC18}.Debug|Any CPU.Build.0 = Debug|Any CPU
		{478D48D5-34BF-4D03-8714-77F52FE3DC18}.Release|Any CPU.ActiveCfg = Release|Any CPU
		{478D48D5-34BF-4D03-8714-77F52FE3DC18}.Release|Any CPU.Build.0 = Release|Any CPU
		{7CD3D4EB-A0AB-4581-9EEF-F51DD02FD505}.Debug|Any CPU.ActiveCfg = Debug|Any CPU
		{7CD3D4EB-A0AB-4581-9EEF-F51DD02FD505}.Debug|Any CPU.Build.0 = Debug|Any CPU
		{7CD3D4EB-A0AB-4581-9EEF-F51DD02FD505}.Release|Any CPU.ActiveCfg = Release|Any CPU
		{7CD3D4EB-A0AB-4581-9EEF-F51DD02FD505}.Release|Any CPU.Build.0 = Release|Any CPU
		{A7C6E53E-F7BC-41EC-B145-3A076BC0861D}.Debug|Any CPU.ActiveCfg = Debug|Any CPU
		{A7C6E53E-F7BC-41EC-B145-3A076BC0861D}.Debug|Any CPU.Build.0 = Debug|Any CPU
		{A7C6E53E-F7BC-41EC-B145-3A076BC0861D}.Release|Any CPU.ActiveCfg = Release|Any CPU
		{A7C6E53E-F7BC-41EC-B145-3A076BC0861D}.Release|Any CPU.Build.0 = Release|Any CPU
		{90D1BDEC-8420-4FC5-9C04-F8CC5C2CE06C}.Debug|Any CPU.ActiveCfg = Debug|Any CPU
		{90D1BDEC-8420-4FC5-9C04-F8CC5C2CE06C}.Debug|Any CPU.Build.0 = Debug|Any CPU
		{90D1BDEC-8420-4FC5-9C04-F8CC5C2CE06C}.Release|Any CPU.ActiveCfg = Release|Any CPU
		{90D1BDEC-8420-4FC5-9C04-F8CC5C2CE06C}.Release|Any CPU.Build.0 = Release|Any CPU
		{C1E4632C-4762-434A-9CD5-54A762C61F9A}.Debug|Any CPU.ActiveCfg = Debug|Any CPU
		{C1E4632C-4762-434A-9CD5-54A762C61F9A}.Debug|Any CPU.Build.0 = Debug|Any CPU
		{C1E4632C-4762-434A-9CD5-54A762C61F9A}.Release|Any CPU.ActiveCfg = Release|Any CPU
		{C1E4632C-4762-434A-9CD5-54A762C61F9A}.Release|Any CPU.Build.0 = Release|Any CPU
		{0E8F59D6-C018-4615-ADF1-9908460DF2EE}.Debug|Any CPU.ActiveCfg = Debug|Any CPU
		{0E8F59D6-C018-4615-ADF1-9908460DF2EE}.Debug|Any CPU.Build.0 = Debug|Any CPU
		{0E8F59D6-C018-4615-ADF1-9908460DF2EE}.Release|Any CPU.ActiveCfg = Release|Any CPU
		{0E8F59D6-C018-4615-ADF1-9908460DF2EE}.Release|Any CPU.Build.0 = Release|Any CPU
		{62839A16-6E61-4DB3-A629-37AA8345CEA1}.Debug|Any CPU.ActiveCfg = Debug|Any CPU
		{62839A16-6E61-4DB3-A629-37AA8345CEA1}.Debug|Any CPU.Build.0 = Debug|Any CPU
		{62839A16-6E61-4DB3-A629-37AA8345CEA1}.Release|Any CPU.ActiveCfg = Release|Any CPU
		{62839A16-6E61-4DB3-A629-37AA8345CEA1}.Release|Any CPU.Build.0 = Release|Any CPU
		{09CC9321-1CE2-43CE-A7C8-00BACDA01059}.Debug|Any CPU.ActiveCfg = Debug|Any CPU
		{09CC9321-1CE2-43CE-A7C8-00BACDA01059}.Debug|Any CPU.Build.0 = Debug|Any CPU
		{09CC9321-1CE2-43CE-A7C8-00BACDA01059}.Release|Any CPU.ActiveCfg = Release|Any CPU
		{09CC9321-1CE2-43CE-A7C8-00BACDA01059}.Release|Any CPU.Build.0 = Release|Any CPU
		{F179ACD5-862F-4A4E-AB80-25BE99EF0397}.Debug|Any CPU.ActiveCfg = Debug|Any CPU
		{F179ACD5-862F-4A4E-AB80-25BE99EF0397}.Debug|Any CPU.Build.0 = Debug|Any CPU
		{F179ACD5-862F-4A4E-AB80-25BE99EF0397}.Release|Any CPU.ActiveCfg = Release|Any CPU
		{F179ACD5-862F-4A4E-AB80-25BE99EF0397}.Release|Any CPU.Build.0 = Release|Any CPU
		{E6ABF09D-8337-48AB-86B6-96BE3F4C70DE}.Debug|Any CPU.ActiveCfg = Debug|Any CPU
		{E6ABF09D-8337-48AB-86B6-96BE3F4C70DE}.Debug|Any CPU.Build.0 = Debug|Any CPU
		{E6ABF09D-8337-48AB-86B6-96BE3F4C70DE}.Release|Any CPU.ActiveCfg = Release|Any CPU
		{E6ABF09D-8337-48AB-86B6-96BE3F4C70DE}.Release|Any CPU.Build.0 = Release|Any CPU
		{88363BAF-D085-4A58-BA6E-6BB7A6EFA259}.Debug|Any CPU.ActiveCfg = Debug|Any CPU
		{88363BAF-D085-4A58-BA6E-6BB7A6EFA259}.Debug|Any CPU.Build.0 = Debug|Any CPU
		{88363BAF-D085-4A58-BA6E-6BB7A6EFA259}.Release|Any CPU.ActiveCfg = Release|Any CPU
		{88363BAF-D085-4A58-BA6E-6BB7A6EFA259}.Release|Any CPU.Build.0 = Release|Any CPU
		{FED004E6-D47F-4A89-936C-84911D6463C8}.Debug|Any CPU.ActiveCfg = Debug|Any CPU
		{FED004E6-D47F-4A89-936C-84911D6463C8}.Debug|Any CPU.Build.0 = Debug|Any CPU
		{FED004E6-D47F-4A89-936C-84911D6463C8}.Release|Any CPU.ActiveCfg = Release|Any CPU
		{FED004E6-D47F-4A89-936C-84911D6463C8}.Release|Any CPU.Build.0 = Release|Any CPU
		{F3D80540-363E-4755-BFC1-918F70980257}.Debug|Any CPU.ActiveCfg = Debug|Any CPU
		{F3D80540-363E-4755-BFC1-918F70980257}.Debug|Any CPU.Build.0 = Debug|Any CPU
		{F3D80540-363E-4755-BFC1-918F70980257}.Release|Any CPU.ActiveCfg = Release|Any CPU
		{F3D80540-363E-4755-BFC1-918F70980257}.Release|Any CPU.Build.0 = Release|Any CPU
		{3101D467-DDCE-40CF-8BD6-CB24E62A8AD4}.Debug|Any CPU.ActiveCfg = Debug|Any CPU
		{3101D467-DDCE-40CF-8BD6-CB24E62A8AD4}.Debug|Any CPU.Build.0 = Debug|Any CPU
		{3101D467-DDCE-40CF-8BD6-CB24E62A8AD4}.Release|Any CPU.ActiveCfg = Release|Any CPU
		{3101D467-DDCE-40CF-8BD6-CB24E62A8AD4}.Release|Any CPU.Build.0 = Release|Any CPU
		{21FF66F7-61D5-4C21-9E69-95A4389D2FE3}.Debug|Any CPU.ActiveCfg = Debug|Any CPU
		{21FF66F7-61D5-4C21-9E69-95A4389D2FE3}.Debug|Any CPU.Build.0 = Debug|Any CPU
		{21FF66F7-61D5-4C21-9E69-95A4389D2FE3}.Release|Any CPU.ActiveCfg = Release|Any CPU
		{21FF66F7-61D5-4C21-9E69-95A4389D2FE3}.Release|Any CPU.Build.0 = Release|Any CPU
		{C6D9742A-06D8-4A1F-8528-406AEDED204D}.Debug|Any CPU.ActiveCfg = Debug|Any CPU
		{C6D9742A-06D8-4A1F-8528-406AEDED204D}.Debug|Any CPU.Build.0 = Debug|Any CPU
		{C6D9742A-06D8-4A1F-8528-406AEDED204D}.Release|Any CPU.ActiveCfg = Release|Any CPU
		{C6D9742A-06D8-4A1F-8528-406AEDED204D}.Release|Any CPU.Build.0 = Release|Any CPU
		{0A84EEF1-0CD3-485B-B315-3D6DCD0450CF}.Debug|Any CPU.ActiveCfg = Debug|Any CPU
		{0A84EEF1-0CD3-485B-B315-3D6DCD0450CF}.Debug|Any CPU.Build.0 = Debug|Any CPU
		{0A84EEF1-0CD3-485B-B315-3D6DCD0450CF}.Release|Any CPU.ActiveCfg = Release|Any CPU
		{0A84EEF1-0CD3-485B-B315-3D6DCD0450CF}.Release|Any CPU.Build.0 = Release|Any CPU
		{D7D35332-72B9-41C7-8F71-FA8FB027D382}.Debug|Any CPU.ActiveCfg = Debug|Any CPU
		{D7D35332-72B9-41C7-8F71-FA8FB027D382}.Debug|Any CPU.Build.0 = Debug|Any CPU
		{D7D35332-72B9-41C7-8F71-FA8FB027D382}.Release|Any CPU.ActiveCfg = Release|Any CPU
		{D7D35332-72B9-41C7-8F71-FA8FB027D382}.Release|Any CPU.Build.0 = Release|Any CPU
		{82EBE74D-5D67-4876-A0C2-934985775186}.Debug|Any CPU.ActiveCfg = Debug|Any CPU
		{82EBE74D-5D67-4876-A0C2-934985775186}.Debug|Any CPU.Build.0 = Debug|Any CPU
		{82EBE74D-5D67-4876-A0C2-934985775186}.Release|Any CPU.ActiveCfg = Release|Any CPU
		{82EBE74D-5D67-4876-A0C2-934985775186}.Release|Any CPU.Build.0 = Release|Any CPU
		{664A7971-C03D-4B9F-8CE9-F9BE0E432787}.Debug|Any CPU.ActiveCfg = Debug|Any CPU
		{664A7971-C03D-4B9F-8CE9-F9BE0E432787}.Debug|Any CPU.Build.0 = Debug|Any CPU
		{664A7971-C03D-4B9F-8CE9-F9BE0E432787}.Release|Any CPU.ActiveCfg = Release|Any CPU
		{664A7971-C03D-4B9F-8CE9-F9BE0E432787}.Release|Any CPU.Build.0 = Release|Any CPU
	EndGlobalSection
	GlobalSection(SolutionProperties) = preSolution
		HideSolutionNode = FALSE
	EndGlobalSection
	GlobalSection(ExtensibilityGlobals) = postSolution
		SolutionGuid = {31B4804C-2B6C-42F2-A911-3EFD91ED7AA4}
	EndGlobalSection
EndGlobal
